{
    "_readme": [
        "This file locks the dependencies of your project to a known state",
        "Read more about it at https://getcomposer.org/doc/01-basic-usage.md#installing-dependencies",
        "This file is @generated automatically"
    ],
    "content-hash": "f72b624905e468877c60b80594bb2465",
    "packages": [],
    "packages-dev": [
        {
            "name": "nethergamesmc/libanticheat",
            "version": "dev-master",
            "source": {
                "type": "git",
                "url": "git@github.com:NetherGamesMC/libAnticheat.git",
                "reference": "6335362904eb206c6c8338dbc918807ca7a19be6"
            },
            "dist": {
                "type": "zip",
                "url": "https://api.github.com/repos/NetherGamesMC/libAnticheat/zipball/6335362904eb206c6c8338dbc918807ca7a19be6",
                "reference": "6335362904eb206c6c8338dbc918807ca7a19be6",
                "shasum": ""
            },
            "require": {
                "php": "^8.0"
            },
            "require-dev": {
                "nethergamesmc/ngessentials": "dev-master",
                "phpstan/phpstan": "1.2.0"
            },
            "default-branch": true,
            "type": "project",
            "autoload": {
                "psr-4": {
                    "libAnticheat\\": "/"
                }
            },
            "license": [
                "proprietary"
            ],
            "description": "An AntiCheat library for PocketMine-MP",
            "support": {
                "source": "https://github.com/NetherGamesMC/libAnticheat/tree/master",
                "issues": "https://github.com/NetherGamesMC/libAnticheat/issues"
            },
            "time": "2021-11-28T22:00:02+00:00"
        },
        {
            "name": "nethergamesmc/libasyncio",
            "version": "dev-master",
            "source": {
                "type": "git",
                "url": "git@github.com:NetherGamesMC/libasyncio.git",
                "reference": "bd42714754f8a5cb02f5d8d0f57a499e3da73b7a"
            },
            "dist": {
                "type": "zip",
                "url": "https://api.github.com/repos/NetherGamesMC/libasyncio/zipball/bd42714754f8a5cb02f5d8d0f57a499e3da73b7a",
                "reference": "bd42714754f8a5cb02f5d8d0f57a499e3da73b7a",
                "shasum": ""
            },
            "require": {
                "php": "^8.0"
            },
            "require-dev": {
                "nethergamesmc/ngessentials": "dev-master",
                "phpstan/phpstan": "1.2.0"
            },
            "default-branch": true,
            "type": "project",
            "autoload": {
                "psr-4": {
                    "libasyncio\\": "/"
                }
            },
            "license": [
                "proprietary"
            ],
            "description": "An async library for PocketMine-MP",
            "support": {
                "source": "https://github.com/NetherGamesMC/libasyncio/tree/master"
            },
            "time": "2021-11-28T22:00:31+00:00"
        },
        {
            "name": "nethergamesmc/libasyncurl",
            "version": "dev-master",
            "source": {
                "type": "git",
                "url": "https://github.com/NetherGamesMC/libasynCurl.git",
                "reference": "0926e80e4bbd0961d84acb73e6b8e2c17fd1d1aa"
            },
            "dist": {
                "type": "zip",
                "url": "https://api.github.com/repos/NetherGamesMC/libasynCurl/zipball/0926e80e4bbd0961d84acb73e6b8e2c17fd1d1aa",
                "reference": "0926e80e4bbd0961d84acb73e6b8e2c17fd1d1aa",
                "shasum": ""
            },
            "require": {
                "php": "^8.0"
            },
            "require-dev": {
                "phpstan/phpstan": "1.2.0"
            },
            "default-branch": true,
            "type": "project",
            "autoload": {
                "psr-4": {
                    "libasynCurl\\": "/"
                }
            },
            "license": [
                "proprietary"
            ],
            "description": "An async Curl library for PocketMine-MP",
            "support": {
                "source": "https://github.com/NetherGamesMC/libasynCurl/tree/master",
                "issues": "https://github.com/NetherGamesMC/libasynCurl/issues"
            },
            "time": "2021-11-28T22:03:26+00:00"
        },
        {
            "name": "nethergamesmc/libdiscord",
            "version": "dev-master",
            "source": {
                "type": "git",
                "url": "git@github.com:NetherGamesMC/libDiscord.git",
                "reference": "8f4a9dd3bfcfc03419494ba7b581af502de0d140"
            },
            "dist": {
                "type": "zip",
                "url": "https://api.github.com/repos/NetherGamesMC/libDiscord/zipball/8f4a9dd3bfcfc03419494ba7b581af502de0d140",
                "reference": "8f4a9dd3bfcfc03419494ba7b581af502de0d140",
                "shasum": ""
            },
            "require": {
                "nethergamesmc/libasyncurl": "dev-master",
                "php": "^8.0"
            },
            "require-dev": {
                "phpstan/phpstan": "1.2.0"
            },
            "default-branch": true,
            "type": "project",
            "autoload": {
                "psr-4": {
                    "libDiscord\\": "/"
                }
            },
            "license": [
                "proprietary"
            ],
            "description": "A library for the Discord API",
            "support": {
                "source": "https://github.com/NetherGamesMC/libDiscord/tree/master",
                "issues": "https://github.com/NetherGamesMC/libDiscord/issues"
            },
            "time": "2021-11-28T22:18:37+00:00"
        },
        {
            "name": "nethergamesmc/libforms",
            "version": "dev-master",
            "source": {
                "type": "git",
                "url": "git@github.com:NetherGamesMC/libforms.git",
                "reference": "a3f6ef83b5562f45a48670fa518abbb5a0991554"
            },
            "dist": {
                "type": "zip",
                "url": "https://api.github.com/repos/NetherGamesMC/libforms/zipball/a3f6ef83b5562f45a48670fa518abbb5a0991554",
                "reference": "a3f6ef83b5562f45a48670fa518abbb5a0991554",
                "shasum": ""
            },
            "require": {
                "php": "^8.0"
            },
            "require-dev": {
                "nethergamesmc/ngessentials": "dev-master",
                "phpstan/phpstan": "1.2.0"
            },
            "default-branch": true,
            "type": "project",
            "autoload": {
                "psr-4": {
                    "libforms\\": "/"
                }
            },
            "license": [
                "proprietary"
            ],
            "description": "A forms library for PocketMine-MP",
            "support": {
                "source": "https://github.com/NetherGamesMC/libforms/tree/master"
            },
            "time": "2021-11-28T22:10:44+00:00"
        },
        {
            "name": "nethergamesmc/libminigames",
            "version": "dev-master",
            "source": {
                "type": "git",
                "url": "git@github.com:NetherGamesMC/libminigames.git",
                "reference": "46cd38a2dbdad590b01678745f7db35e769d4826"
            },
            "dist": {
                "type": "zip",
                "url": "https://api.github.com/repos/NetherGamesMC/libminigames/zipball/46cd38a2dbdad590b01678745f7db35e769d4826",
                "reference": "46cd38a2dbdad590b01678745f7db35e769d4826",
                "shasum": ""
            },
            "require": {
                "php": "^8.0"
            },
            "require-dev": {
                "nethergamesmc/ngessentials": "dev-master",
                "phpstan/phpstan": "1.2.0"
            },
            "default-branch": true,
            "type": "project",
            "autoload": {
                "psr-4": {
                    "libminigames\\": "/"
                }
            },
            "license": [
                "proprietary"
            ],
            "description": "A Minigame library for PocketMine-MP",
            "support": {
                "source": "https://github.com/NetherGamesMC/libminigames/tree/master",
                "issues": "https://github.com/NetherGamesMC/libminigames/issues"
            },
            "time": "2021-11-28T22:12:40+00:00"
        },
        {
            "name": "nethergamesmc/libnetsys",
            "version": "dev-master",
            "source": {
                "type": "git",
                "url": "git@github.com:NetherGamesMC/libnetsys.git",
                "reference": "950b0a72133ced18309649d62c74f7eb797f6e3e"
            },
            "dist": {
                "type": "zip",
                "url": "https://api.github.com/repos/NetherGamesMC/libnetsys/zipball/950b0a72133ced18309649d62c74f7eb797f6e3e",
                "reference": "950b0a72133ced18309649d62c74f7eb797f6e3e",
                "shasum": ""
            },
            "require": {
                "ext-pthreads": "*",
                "ext-sockets": "*",
                "php": "^8.0"
            },
            "require-dev": {
                "nethergamesmc/ngessentials": "dev-master",
                "phpstan/phpstan": "1.2.0"
            },
            "default-branch": true,
            "type": "project",
            "autoload": {
                "psr-4": {
                    "libnetsys\\": "/"
                }
            },
            "license": [
                "proprietary"
            ],
            "description": "A NetSys library for PocketMine-MP",
            "support": {
                "source": "https://github.com/NetherGamesMC/libnetsys/tree/master",
                "issues": "https://github.com/NetherGamesMC/libnetsys/issues"
            },
            "time": "2021-11-28T22:16:28+00:00"
        },
        {
            "name": "nethergamesmc/libphysx",
            "version": "dev-master",
            "source": {
                "type": "git",
                "url": "git@github.com:NetherGamesMC/libPhysX.git",
                "reference": "0ac9a2015867aec4bdcb86b7bf34bd9bbcd4c43a"
            },
            "dist": {
                "type": "zip",
                "url": "https://api.github.com/repos/NetherGamesMC/libPhysX/zipball/0ac9a2015867aec4bdcb86b7bf34bd9bbcd4c43a",
                "reference": "0ac9a2015867aec4bdcb86b7bf34bd9bbcd4c43a",
                "shasum": ""
            },
            "require": {
                "php": "^8.0"
            },
            "require-dev": {
                "phpstan/phpstan": "1.2.0"
            },
            "default-branch": true,
            "type": "project",
            "autoload": {
                "psr-4": {
                    "libPhysX\\": "/"
                }
            },
            "license": [
                "proprietary"
            ],
            "description": "An PhysX library for PocketMine-MP",
            "support": {
                "source": "https://github.com/NetherGamesMC/libPhysX/tree/master"
            },
            "time": "2021-11-28T22:17:28+00:00"
        },
        {
            "name": "nethergamesmc/libreplay",
            "version": "dev-master",
            "source": {
                "type": "git",
                "url": "git@github.com:NetherGamesMC/libReplay.git",
                "reference": "c946cd7c43a7b81ebc6a3c02e9cdc8ceb64d413b"
            },
            "dist": {
                "type": "zip",
                "url": "https://api.github.com/repos/NetherGamesMC/libReplay/zipball/c946cd7c43a7b81ebc6a3c02e9cdc8ceb64d413b",
                "reference": "c946cd7c43a7b81ebc6a3c02e9cdc8ceb64d413b",
                "shasum": ""
            },
            "require": {
                "php": "^7.4 || ^8.0"
            },
            "require-dev": {
                "phpstan/phpstan": "^0.12.81"
            },
            "default-branch": true,
            "type": "project",
            "autoload": {
                "psr-4": {
                    "libReplay\\": "/"
                }
            },
            "license": [
                "proprietary"
            ],
            "description": "A Replay library for PocketMine-MP",
            "support": {
                "source": "https://github.com/NetherGamesMC/libReplay/tree/master",
                "issues": "https://github.com/NetherGamesMC/libReplay/issues"
            },
            "time": "2021-11-21T23:10:48+00:00"
        },
        {
            "name": "nethergamesmc/libvanilla",
            "version": "dev-master",
            "source": {
                "type": "git",
                "url": "git@github.com:NetherGamesMC/libVanilla.git",
                "reference": "54304f35672346325ad91dbff6957c34c198670f"
            },
            "dist": {
                "type": "zip",
                "url": "https://api.github.com/repos/NetherGamesMC/libVanilla/zipball/54304f35672346325ad91dbff6957c34c198670f",
                "reference": "54304f35672346325ad91dbff6957c34c198670f",
                "shasum": ""
            },
            "require": {
                "php": "^8.0"
            },
            "require-dev": {
                "phpstan/phpstan": "1.1.2"
            },
            "default-branch": true,
            "type": "project",
            "autoload": {
                "psr-4": {
                    "libVanilla\\": "/"
                }
            },
            "license": [
                "proprietary"
            ],
            "description": "A Vanilla library for PocketMine-MP",
            "support": {
                "source": "https://github.com/NetherGamesMC/libVanilla/tree/master",
                "issues": "https://github.com/NetherGamesMC/libVanilla/issues"
            },
            "time": "2021-11-20T16:54:50+00:00"
        },
        {
            "name": "nethergamesmc/ngessentials",
            "version": "dev-master",
            "source": {
                "type": "git",
                "url": "git@github.com:NetherGamesMC/NGEssentials.git",
                "reference": "ffae15c4067739d8764882f8bd809482a328b926"
            },
            "dist": {
                "type": "zip",
                "url": "https://api.github.com/repos/NetherGamesMC/NGEssentials/zipball/ffae15c4067739d8764882f8bd809482a328b926",
                "reference": "ffae15c4067739d8764882f8bd809482a328b926",
                "shasum": ""
            },
            "require": {
                "ext-curl": "*",
                "ext-gd": "*",
                "ext-json": "*",
                "ext-mysqli": "*",
                "ext-openssl": "*",
                "ext-pthreads": "*",
                "ext-yaml": "*",
                "nethergamesmc/libanticheat": "dev-master",
                "nethergamesmc/libasyncio": "dev-master",
                "nethergamesmc/libasyncurl": "dev-master",
                "nethergamesmc/libdiscord": "dev-master",
                "nethergamesmc/libforms": "dev-master",
                "nethergamesmc/libminigames": "dev-master",
                "nethergamesmc/libnetsys": "dev-master",
                "nethergamesmc/libphysx": "dev-master",
                "nethergamesmc/libproxy": "dev-master",
                "nethergamesmc/libreplay": "dev-master",
                "nethergamesmc/libvanilla": "dev-master",
                "php": "^8.0"
            },
            "require-dev": {
                "phpstan/phpstan": "1.1.2"
            },
            "default-branch": true,
            "type": "project",
            "autoload": {
                "psr-4": {
                    "": [
                        "src"
                    ]
                },
                "files": [
                    "src/NetherGames/NGEssentials/CoreConstants.php"
                ]
            },
            "license": [
                "proprietary"
            ],
            "description": "NGEssentials plugin for PocketMine-MP",
            "support": {
                "source": "https://github.com/NetherGamesMC/NGEssentials/tree/master",
                "issues": "https://github.com/NetherGamesMC/NGEssentials/issues"
            },
            "time": "2021-11-28T15:35:05+00:00"
        },
        {
            "name": "phpstan/phpstan",
            "version": "1.2.0",
            "source": {
                "type": "git",
                "url": "https://github.com/phpstan/phpstan.git",
                "reference": "cbe085f9fdead5b6d62e4c022ca52dc9427a10ee"
            },
            "dist": {
                "type": "zip",
                "url": "https://api.github.com/repos/phpstan/phpstan/zipball/cbe085f9fdead5b6d62e4c022ca52dc9427a10ee",
                "reference": "cbe085f9fdead5b6d62e4c022ca52dc9427a10ee",
                "shasum": ""
            },
            "require": {
                "php": "^7.1|^8.0"
            },
            "conflict": {
                "phpstan/phpstan-shim": "*"
            },
            "bin": [
                "phpstan",
                "phpstan.phar"
            ],
            "type": "library",
            "extra": {
                "branch-alias": {
                    "dev-master": "1.2-dev"
                }
            },
            "autoload": {
                "files": [
                    "bootstrap.php"
                ]
            },
            "notification-url": "https://packagist.org/downloads/",
            "license": [
                "MIT"
            ],
            "description": "PHPStan - PHP Static Analysis Tool",
            "support": {
                "issues": "https://github.com/phpstan/phpstan/issues",
                "source": "https://github.com/phpstan/phpstan/tree/1.2.0"
            },
            "funding": [
                {
                    "url": "https://github.com/ondrejmirtes",
                    "type": "github"
                },
                {
                    "url": "https://github.com/phpstan",
                    "type": "github"
                },
                {
                    "url": "https://www.patreon.com/phpstan",
                    "type": "patreon"
                },
                {
                    "url": "https://tidelift.com/funding/github/packagist/phpstan/phpstan",
                    "type": "tidelift"
                }
            ],
            "time": "2021-11-18T14:09:01+00:00"
        }
    ],
    "aliases": [],
    "minimum-stability": "dev",
    "stability-flags": {
        "nethergamesmc/ngessentials": 20
    },
    "prefer-stable": false,
    "prefer-lowest": false,
    "platform": {
        "php": "^8.0",
        "ext-sockets": "*",
        "ext-pthreads": "*"
    },
    "platform-dev": [],
    "plugin-api-version": "2.1.0"
}
